// !$*UTF8*$!
{
	archiveVersion = 1;
	classes = {
	};
	objectVersion = 50;
	objects = {

/* Begin PBXBuildFile section */
		257F2C4F211DBF19005B0945 /* AppDelegate.m in Sources */ = {isa = PBXBuildFile; fileRef = 257F2C4E211DBF19005B0945 /* AppDelegate.m */; };
		257F2C52211DBF19005B0945 /* ViewController.m in Sources */ = {isa = PBXBuildFile; fileRef = 257F2C51211DBF19005B0945 /* ViewController.m */; };
		257F2C55211DBF19005B0945 /* Main.storyboard in Resources */ = {isa = PBXBuildFile; fileRef = 257F2C53211DBF19005B0945 /* Main.storyboard */; };
		257F2C57211DBF1A005B0945 /* Assets.xcassets in Resources */ = {isa = PBXBuildFile; fileRef = 257F2C56211DBF1A005B0945 /* Assets.xcassets */; };
		257F2C5A211DBF1A005B0945 /* LaunchScreen.storyboard in Resources */ = {isa = PBXBuildFile; fileRef = 257F2C58211DBF1A005B0945 /* LaunchScreen.storyboard */; };
		257F2C5D211DBF1A005B0945 /* main.m in Sources */ = {isa = PBXBuildFile; fileRef = 257F2C5C211DBF1A005B0945 /* main.m */; };
		257F2C67211DBF1A005B0945 /* TipCalculatorTests.m in Sources */ = {isa = PBXBuildFile; fileRef = 257F2C66211DBF1A005B0945 /* TipCalculatorTests.m */; };
		257F2C72211DBF1A005B0945 /* TipCalculatorUITests.m in Sources */ = {isa = PBXBuildFile; fileRef = 257F2C71211DBF1A005B0945 /* TipCalculatorUITests.m */; };
/* End PBXBuildFile section */

/* Begin PBXContainerItemProxy section */
		257F2C63211DBF1A005B0945 /* PBXContainerItemProxy */ = {
			isa = PBXContainerItemProxy;
			containerPortal = 257F2C42211DBF19005B0945 /* Project object */;
			proxyType = 1;
			remoteGlobalIDString = 257F2C49211DBF19005B0945;
			remoteInfo = TipCalculator;
		};
		257F2C6E211DBF1A005B0945 /* PBXContainerItemProxy */ = {
			isa = PBXContainerItemProxy;
			containerPortal = 257F2C42211DBF19005B0945 /* Project object */;
			proxyType = 1;
			remoteGlobalIDString = 257F2C49211DBF19005B0945;
			remoteInfo = TipCalculator;
		};
/* End PBXContainerItemProxy section */

/* Begin PBXFileReference section */
		257F2C4A211DBF19005B0945 /* TipCalculator.app */ = {isa = PBXFileReference; explicitFileType = wrapper.application; includeInIndex = 0; path = TipCalculator.app; sourceTree = BUILT_PRODUCTS_DIR; };
		257F2C4D211DBF19005B0945 /* AppDelegate.h */ = {isa = PBXFileReference; lastKnownFileType = sourcecode.c.h; path = AppDelegate.h; sourceTree = "<group>"; };
		257F2C4E211DBF19005B0945 /* AppDelegate.m */ = {isa = PBXFileReference; lastKnownFileType = sourcecode.c.objc; path = AppDelegate.m; sourceTree = "<group>"; };
		257F2C50211DBF19005B0945 /* ViewController.h */ = {isa = PBXFileReference; lastKnownFileType = sourcecode.c.h; path = ViewController.h; sourceTree = "<group>"; };
		257F2C51211DBF19005B0945 /* ViewController.m */ = {isa = PBXFileReference; lastKnownFileType = sourcecode.c.objc; path = ViewController.m; sourceTree = "<group>"; };
		257F2C54211DBF19005B0945 /* Base */ = {isa = PBXFileReference; lastKnownFileType = file.storyboard; name = Base; path = Base.lproj/Main.storyboard; sourceTree = "<group>"; };
		257F2C56211DBF1A005B0945 /* Assets.xcassets */ = {isa = PBXFileReference; lastKnownFileType = folder.assetcatalog; path = Assets.xcassets; sourceTree = "<group>"; };
		257F2C59211DBF1A005B0945 /* Base */ = {isa = PBXFileReference; lastKnownFileType = file.storyboard; name = Base; path = Base.lproj/LaunchScreen.storyboard; sourceTree = "<group>"; };
		257F2C5B211DBF1A005B0945 /* Info.plist */ = {isa = PBXFileReference; lastKnownFileType = text.plist.xml; path = Info.plist; sourceTree = "<group>"; };
		257F2C5C211DBF1A005B0945 /* main.m */ = {isa = PBXFileReference; lastKnownFileType = sourcecode.c.objc; path = main.m; sourceTree = "<group>"; };
		257F2C62211DBF1A005B0945 /* TipCalculatorTests.xctest */ = {isa = PBXFileReference; explicitFileType = wrapper.cfbundle; includeInIndex = 0; path = TipCalculatorTests.xctest; sourceTree = BUILT_PRODUCTS_DIR; };
		257F2C66211DBF1A005B0945 /* TipCalculatorTests.m */ = {isa = PBXFileReference; lastKnownFileType = sourcecode.c.objc; path = TipCalculatorTests.m; sourceTree = "<group>"; };
		257F2C68211DBF1A005B0945 /* Info.plist */ = {isa = PBXFileReference; lastKnownFileType = text.plist.xml; path = Info.plist; sourceTree = "<group>"; };
		257F2C6D211DBF1A005B0945 /* TipCalculatorUITests.xctest */ = {isa = PBXFileReference; explicitFileType = wrapper.cfbundle; includeInIndex = 0; path = TipCalculatorUITests.xctest; sourceTree = BUILT_PRODUCTS_DIR; };
		257F2C71211DBF1A005B0945 /* TipCalculatorUITests.m */ = {isa = PBXFileReference; lastKnownFileType = sourcecode.c.objc; path = TipCalculatorUITests.m; sourceTree = "<group>"; };
		257F2C73211DBF1A005B0945 /* Info.plist */ = {isa = PBXFileReference; lastKnownFileType = text.plist.xml; path = Info.plist; sourceTree = "<group>"; };
/* End PBXFileReference section */

/* Begin PBXFrameworksBuildPhase section */
		257F2C47211DBF19005B0945 /* Frameworks */ = {
			isa = PBXFrameworksBuildPhase;
			buildActionMask = 2147483647;
			files = (
			);
			runOnlyForDeploymentPostprocessing = 0;
		};
		257F2C5F211DBF1A005B0945 /* Frameworks */ = {
			isa = PBXFrameworksBuildPhase;
			buildActionMask = 2147483647;
			files = (
			);
			runOnlyForDeploymentPostprocessing = 0;
		};
		257F2C6A211DBF1A005B0945 /* Frameworks */ = {
			isa = PBXFrameworksBuildPhase;
			buildActionMask = 2147483647;
			files = (
			);
			runOnlyForDeploymentPostprocessing = 0;
		};
/* End PBXFrameworksBuildPhase section */

/* Begin PBXGroup section */
		257F2C41211DBF19005B0945 = {
			isa = PBXGroup;
			children = (
				257F2C4C211DBF19005B0945 /* TipCalculator */,
				257F2C65211DBF1A005B0945 /* TipCalculatorTests */,
				257F2C70211DBF1A005B0945 /* TipCalculatorUITests */,
				257F2C4B211DBF19005B0945 /* Products */,
			);
			sourceTree = "<group>";
		};
		257F2C4B211DBF19005B0945 /* Products */ = {
			isa = PBXGroup;
			children = (
				257F2C4A211DBF19005B0945 /* TipCalculator.app */,
				257F2C62211DBF1A005B0945 /* TipCalculatorTests.xctest */,
				257F2C6D211DBF1A005B0945 /* TipCalculatorUITests.xctest */,
			);
			name = Products;
			sourceTree = "<group>";
		};
		257F2C4C211DBF19005B0945 /* TipCalculator */ = {
			isa = PBXGroup;
			children = (
				257F2C4D211DBF19005B0945 /* AppDelegate.h */,
				257F2C4E211DBF19005B0945 /* AppDelegate.m */,
				257F2C50211DBF19005B0945 /* ViewController.h */,
				257F2C51211DBF19005B0945 /* ViewController.m */,
				257F2C53211DBF19005B0945 /* Main.storyboard */,
				257F2C56211DBF1A005B0945 /* Assets.xcassets */,
				257F2C58211DBF1A005B0945 /* LaunchScreen.storyboard */,
				257F2C5B211DBF1A005B0945 /* Info.plist */,
				257F2C5C211DBF1A005B0945 /* main.m */,
			);
			path = TipCalculator;
			sourceTree = "<group>";
		};
		257F2C65211DBF1A005B0945 /* TipCalculatorTests */ = {
			isa = PBXGroup;
			children = (
				257F2C66211DBF1A005B0945 /* TipCalculatorTests.m */,
				257F2C68211DBF1A005B0945 /* Info.plist */,
			);
			path = TipCalculatorTests;
			sourceTree = "<group>";
		};
		257F2C70211DBF1A005B0945 /* TipCalculatorUITests */ = {
			isa = PBXGroup;
			children = (
				257F2C71211DBF1A005B0945 /* TipCalculatorUITests.m */,
				257F2C73211DBF1A005B0945 /* Info.plist */,
			);
			path = TipCalculatorUITests;
			sourceTree = "<group>";
		};
/* End PBXGroup section */

/* Begin PBXNativeTarget section */
		257F2C49211DBF19005B0945 /* TipCalculator */ = {
			isa = PBXNativeTarget;
			buildConfigurationList = 257F2C76211DBF1A005B0945 /* Build configuration list for PBXNativeTarget "TipCalculator" */;
			buildPhases = (
				257F2C46211DBF19005B0945 /* Sources */,
				257F2C47211DBF19005B0945 /* Frameworks */,
				257F2C48211DBF19005B0945 /* Resources */,
			);
			buildRules = (
			);
			dependencies = (
			);
			name = TipCalculator;
			productName = TipCalculator;
			productReference = 257F2C4A211DBF19005B0945 /* TipCalculator.app */;
			productType = "com.apple.product-type.application";
		};
		257F2C61211DBF1A005B0945 /* TipCalculatorTests */ = {
			isa = PBXNativeTarget;
			buildConfigurationList = 257F2C79211DBF1A005B0945 /* Build configuration list for PBXNativeTarget "TipCalculatorTests" */;
			buildPhases = (
				257F2C5E211DBF1A005B0945 /* Sources */,
				257F2C5F211DBF1A005B0945 /* Frameworks */,
				257F2C60211DBF1A005B0945 /* Resources */,
			);
			buildRules = (
			);
			dependencies = (
				257F2C64211DBF1A005B0945 /* PBXTargetDependency */,
			);
			name = TipCalculatorTests;
			productName = TipCalculatorTests;
			productReference = 257F2C62211DBF1A005B0945 /* TipCalculatorTests.xctest */;
			productType = "com.apple.product-type.bundle.unit-test";
		};
		257F2C6C211DBF1A005B0945 /* TipCalculatorUITests */ = {
			isa = PBXNativeTarget;
			buildConfigurationList = 257F2C7C211DBF1A005B0945 /* Build configuration list for PBXNativeTarget "TipCalculatorUITests" */;
			buildPhases = (
				257F2C69211DBF1A005B0945 /* Sources */,
				257F2C6A211DBF1A005B0945 /* Frameworks */,
				257F2C6B211DBF1A005B0945 /* Resources */,
			);
			buildRules = (
			);
			dependencies = (
				257F2C6F211DBF1A005B0945 /* PBXTargetDependency */,
			);
			name = TipCalculatorUITests;
			productName = TipCalculatorUITests;
			productReference = 257F2C6D211DBF1A005B0945 /* TipCalculatorUITests.xctest */;
			productType = "com.apple.product-type.bundle.ui-testing";
		};
/* End PBXNativeTarget section */

/* Begin PBXProject section */
		257F2C42211DBF19005B0945 /* Project object */ = {
			isa = PBXProject;
			attributes = {
				LastUpgradeCheck = 0940;
				ORGANIZATIONNAME = "Kyla ";
				TargetAttributes = {
					257F2C49211DBF19005B0945 = {
						CreatedOnToolsVersion = 9.4.1;
					};
					257F2C61211DBF1A005B0945 = {
						CreatedOnToolsVersion = 9.4.1;
						TestTargetID = 257F2C49211DBF19005B0945;
					};
					257F2C6C211DBF1A005B0945 = {
						CreatedOnToolsVersion = 9.4.1;
						TestTargetID = 257F2C49211DBF19005B0945;
					};
				};
			};
			buildConfigurationList = 257F2C45211DBF19005B0945 /* Build configuration list for PBXProject "TipCalculator" */;
			compatibilityVersion = "Xcode 9.3";
			developmentRegion = en;
			hasScannedForEncodings = 0;
			knownRegions = (
				en,
				Base,
			);
			mainGroup = 257F2C41211DBF19005B0945;
			productRefGroup = 257F2C4B211DBF19005B0945 /* Products */;
			projectDirPath = "";
			projectRoot = "";
			targets = (
				257F2C49211DBF19005B0945 /* TipCalculator */,
				257F2C61211DBF1A005B0945 /* TipCalculatorTests */,
				257F2C6C211DBF1A005B0945 /* TipCalculatorUITests */,
			);
		};
/* End PBXProject section */

/* Begin PBXResourcesBuildPhase section */
		257F2C48211DBF19005B0945 /* Resources */ = {
			isa = PBXResourcesBuildPhase;
			buildActionMask = 2147483647;
			files = (
				257F2C5A211DBF1A005B0945 /* LaunchScreen.storyboard in Resources */,
				257F2C57211DBF1A005B0945 /* Assets.xcassets in Resources */,
				257F2C55211DBF19005B0945 /* Main.storyboard in Resources */,
			);
			runOnlyForDeploymentPostprocessing = 0;
		};
		257F2C60211DBF1A005B0945 /* Resources */ = {
			isa = PBXResourcesBuildPhase;
			buildActionMask = 2147483647;
			files = (
			);
			runOnlyForDeploymentPostprocessing = 0;
		};
		257F2C6B211DBF1A005B0945 /* Resources */ = {
			isa = PBXResourcesBuildPhase;
			buildActionMask = 2147483647;
			files = (
			);
			runOnlyForDeploymentPostprocessing = 0;
		};
/* End PBXResourcesBuildPhase section */

/* Begin PBXSourcesBuildPhase section */
		257F2C46211DBF19005B0945 /* Sources */ = {
			isa = PBXSourcesBuildPhase;
			buildActionMask = 2147483647;
			files = (
				257F2C52211DBF19005B0945 /* ViewController.m in Sources */,
				257F2C5D211DBF1A005B0945 /* main.m in Sources */,
				257F2C4F211DBF19005B0945 /* AppDelegate.m in Sources */,
			);
			runOnlyForDeploymentPostprocessing = 0;
		};
		257F2C5E211DBF1A005B0945 /* Sources */ = {
			isa = PBXSourcesBuildPhase;
			buildActionMask = 2147483647;
			files = (
				257F2C67211DBF1A005B0945 /* TipCalculatorTests.m in Sources */,
			);
			runOnlyForDeploymentPostprocessing = 0;
		};
		257F2C69211DBF1A005B0945 /* Sources */ = {
			isa = PBXSourcesBuildPhase;
			buildActionMask = 2147483647;
			files = (
				257F2C72211DBF1A005B0945 /* TipCalculatorUITests.m in Sources */,
			);
			runOnlyForDeploymentPostprocessing = 0;
		};
/* End PBXSourcesBuildPhase section */

/* Begin PBXTargetDependency section */
		257F2C64211DBF1A005B0945 /* PBXTargetDependency */ = {
			isa = PBXTargetDependency;
			target = 257F2C49211DBF19005B0945 /* TipCalculator */;
			targetProxy = 257F2C63211DBF1A005B0945 /* PBXContainerItemProxy */;
		};
		257F2C6F211DBF1A005B0945 /* PBXTargetDependency */ = {
			isa = PBXTargetDependency;
			target = 257F2C49211DBF19005B0945 /* TipCalculator */;
			targetProxy = 257F2C6E211DBF1A005B0945 /* PBXContainerItemProxy */;
		};
/* End PBXTargetDependency section */

/* Begin PBXVariantGroup section */
		257F2C53211DBF19005B0945 /* Main.storyboard */ = {
			isa = PBXVariantGroup;
			children = (
				257F2C54211DBF19005B0945 /* Base */,
			);
			name = Main.storyboard;
			sourceTree = "<group>";
		};
		257F2C58211DBF1A005B0945 /* LaunchScreen.storyboard */ = {
			isa = PBXVariantGroup;
			children = (
				257F2C59211DBF1A005B0945 /* Base */,
			);
			name = LaunchScreen.storyboard;
			sourceTree = "<group>";
		};
/* End PBXVariantGroup section */

/* Begin XCBuildConfiguration section */
		257F2C74211DBF1A005B0945 /* Debug */ = {
			isa = XCBuildConfiguration;
			buildSettings = {
				ALWAYS_SEARCH_USER_PATHS = NO;
				CLANG_ANALYZER_NONNULL = YES;
				CLANG_ANALYZER_NUMBER_OBJECT_CONVERSION = YES_AGGRESSIVE;
				CLANG_CXX_LANGUAGE_STANDARD = "gnu++14";
				CLANG_CXX_LIBRARY = "libc++";
				CLANG_ENABLE_MODULES = YES;
				CLANG_ENABLE_OBJC_ARC = YES;
				CLANG_ENABLE_OBJC_WEAK = YES;
				CLANG_WARN_BLOCK_CAPTURE_AUTORELEASING = YES;
				CLANG_WARN_BOOL_CONVERSION = YES;
				CLANG_WARN_COMMA = YES;
				CLANG_WARN_CONSTANT_CONVERSION = YES;
				CLANG_WARN_DEPRECATED_OBJC_IMPLEMENTATIONS = YES;
				CLANG_WARN_DIRECT_OBJC_ISA_USAGE = YES_ERROR;
				CLANG_WARN_DOCUMENTATION_COMMENTS = YES;
				CLANG_WARN_EMPTY_BODY = YES;
				CLANG_WARN_ENUM_CONVERSION = YES;
				CLANG_WARN_INFINITE_RECURSION = YES;
				CLANG_WARN_INT_CONVERSION = YES;
				CLANG_WARN_NON_LITERAL_NULL_CONVERSION = YES;
				CLANG_WARN_OBJC_IMPLICIT_RETAIN_SELF = YES;
				CLANG_WARN_OBJC_LITERAL_CONVERSION = YES;
				CLANG_WARN_OBJC_ROOT_CLASS = YES_ERROR;
				CLANG_WARN_RANGE_LOOP_ANALYSIS = YES;
				CLANG_WARN_STRICT_PROTOTYPES = YES;
				CLANG_WARN_SUSPICIOUS_MOVE = YES;
				CLANG_WARN_UNGUARDED_AVAILABILITY = YES_AGGRESSIVE;
				CLANG_WARN_UNREACHABLE_CODE = YES;
				CLANG_WARN__DUPLICATE_METHOD_MATCH = YES;
				CODE_SIGN_IDENTITY = "iPhone Developer";
				COPY_PHASE_STRIP = NO;
				DEBUG_INFORMATION_FORMAT = dwarf;
				ENABLE_STRICT_OBJC_MSGSEND = YES;
				ENABLE_TESTABILITY = YES;
				GCC_C_LANGUAGE_STANDARD = gnu11;
				GCC_DYNAMIC_NO_PIC = NO;
				GCC_NO_COMMON_BLOCKS = YES;
				GCC_OPTIMIZATION_LEVEL = 0;
				GCC_PREPROCESSOR_DEFINITIONS = (
					"DEBUG=1",
					"$(inherited)",
				);
				GCC_WARN_64_TO_32_BIT_CONVERSION = YES;
				GCC_WARN_ABOUT_RETURN_TYPE = YES_ERROR;
				GCC_WARN_UNDECLARED_SELECTOR = YES;
				GCC_WARN_UNINITIALIZED_AUTOS = YES_AGGRESSIVE;
				GCC_WARN_UNUSED_FUNCTION = YES;
				GCC_WARN_UNUSED_VARIABLE = YES;
				IPHONEOS_DEPLOYMENT_TARGET = 11.4;
				MTL_ENABLE_DEBUG_INFO = YES;
				ONLY_ACTIVE_ARCH = YES;
				SDKROOT = iphoneos;
			};
			name = Debug;
		};
		257F2C75211DBF1A005B0945 /* Release */ = {
			isa = XCBuildConfiguration;
			buildSettings = {
				ALWAYS_SEARCH_USER_PATHS = NO;
				CLANG_ANALYZER_NONNULL = YES;
				CLANG_ANALYZER_NUMBER_OBJECT_CONVERSION = YES_AGGRESSIVE;
				CLANG_CXX_LANGUAGE_STANDARD = "gnu++14";
				CLANG_CXX_LIBRARY = "libc++";
				CLANG_ENABLE_MODULES = YES;
				CLANG_ENABLE_OBJC_ARC = YES;
				CLANG_ENABLE_OBJC_WEAK = YES;
				CLANG_WARN_BLOCK_CAPTURE_AUTORELEASING = YES;
				CLANG_WARN_BOOL_CONVERSION = YES;
				CLANG_WARN_COMMA = YES;
				CLANG_WARN_CONSTANT_CONVERSION = YES;
				CLANG_WARN_DEPRECATED_OBJC_IMPLEMENTATIONS = YES;
				CLANG_WARN_DIRECT_OBJC_ISA_USAGE = YES_ERROR;
				CLANG_WARN_DOCUMENTATION_COMMENTS = YES;
				CLANG_WARN_EMPTY_BODY = YES;
				CLANG_WARN_ENUM_CONVERSION = YES;
				CLANG_WARN_INFINITE_RECURSION = YES;
				CLANG_WARN_INT_CONVERSION = YES;
				CLANG_WARN_NON_LITERAL_NULL_CONVERSION = YES;
				CLANG_WARN_OBJC_IMPLICIT_RETAIN_SELF = YES;
				CLANG_WARN_OBJC_LITERAL_CONVERSION = YES;
				CLANG_WARN_OBJC_ROOT_CLASS = YES_ERROR;
				CLANG_WARN_RANGE_LOOP_ANALYSIS = YES;
				CLANG_WARN_STRICT_PROTOTYPES = YES;
				CLANG_WARN_SUSPICIOUS_MOVE = YES;
				CLANG_WARN_UNGUARDED_AVAILABILITY = YES_AGGRESSIVE;
				CLANG_WARN_UNREACHABLE_CODE = YES;
				CLANG_WARN__DUPLICATE_METHOD_MATCH = YES;
				CODE_SIGN_IDENTITY = "iPhone Developer";
				COPY_PHASE_STRIP = NO;
				DEBUG_INFORMATION_FORMAT = "dwarf-with-dsym";
				ENABLE_NS_ASSERTIONS = NO;
				ENABLE_STRICT_OBJC_MSGSEND = YES;
				GCC_C_LANGUAGE_STANDARD = gnu11;
				GCC_NO_COMMON_BLOCKS = YES;
				GCC_WARN_64_TO_32_BIT_CONVERSION = YES;
				GCC_WARN_ABOUT_RETURN_TYPE = YES_ERROR;
				GCC_WARN_UNDECLARED_SELECTOR = YES;
				GCC_WARN_UNINITIALIZED_AUTOS = YES_AGGRESSIVE;
				GCC_WARN_UNUSED_FUNCTION = YES;
				GCC_WARN_UNUSED_VARIABLE = YES;
				IPHONEOS_DEPLOYMENT_TARGET = 11.4;
				MTL_ENABLE_DEBUG_INFO = NO;
				SDKROOT = iphoneos;
				VALIDATE_PRODUCT = YES;
			};
			name = Release;
		};
		257F2C77211DBF1A005B0945 /* Debug */ = {
			isa = XCBuildConfiguration;
			buildSettings = {
				ASSETCATALOG_COMPILER_APPICON_NAME = AppIcon;
				CODE_SIGN_STYLE = Automatic;
				DEVELOPMENT_TEAM = 8457254V38;
				INFOPLIST_FILE = TipCalculator/Info.plist;
				LD_RUNPATH_SEARCH_PATHS = (
					"$(inherited)",
					"@executable_path/Frameworks",
				);
				PRODUCT_BUNDLE_IDENTIFIER = Kyla.TipCalculator;
				PRODUCT_NAME = "$(TARGET_NAME)";
				TARGETED_DEVICE_FAMILY = "1,2";
			};
			name = Debug;
		};
		257F2C78211DBF1A005B0945 /* Release */ = {
			isa = XCBuildConfiguration;
			buildSettings = {
				ASSETCATALOG_COMPILER_APPICON_NAME = AppIcon;
				CODE_SIGN_STYLE = Automatic;
				DEVELOPMENT_TEAM = 8457254V38;
				INFOPLIST_FILE = TipCalculator/Info.plist;
				LD_RUNPATH_SEARCH_PATHS = (
					"$(inherited)",
					"@executable_path/Frameworks",
				);
				PRODUCT_BUNDLE_IDENTIFIER = Kyla.TipCalculator;
				PRODUCT_NAME = "$(TARGET_NAME)";
				TARGETED_DEVICE_FAMILY = "1,2";
			};
			name = Release;
		};
		257F2C7A211DBF1A005B0945 /* Debug */ = {
			isa = XCBuildConfiguration;
			buildSettings = {
				BUNDLE_LOADER = "$(TEST_HOST)";
				CODE_SIGN_STYLE = Automatic;
				DEVELOPMENT_TEAM = 8457254V38;
				INFOPLIST_FILE = TipCalculatorTests/Info.plist;
				LD_RUNPATH_SEARCH_PATHS = (
					"$(inherited)",
					"@executable_path/Frameworks",
					"@loader_path/Frameworks",
				);
				PRODUCT_BUNDLE_IDENTIFIER = Kyla.TipCalculatorTests;
				PRODUCT_NAME = "$(TARGET_NAME)";
				TARGETED_DEVICE_FAMILY = "1,2";
				TEST_HOST = "$(BUILT_PRODUCTS_DIR)/TipCalculator.app/TipCalculator";
			};
			name = Debug;
		};
		257F2C7B211DBF1A005B0945 /* Release */ = {
			isa = XCBuildConfiguration;
			buildSettings = {
				BUNDLE_LOADER = "$(TEST_HOST)";
				CODE_SIGN_STYLE = Automatic;
				DEVELOPMENT_TEAM = 8457254V38;
				INFOPLIST_FILE = TipCalculatorTests/Info.plist;
				LD_RUNPATH_SEARCH_PATHS = (
					"$(inherited)",
					"@executable_path/Frameworks",
					"@loader_path/Frameworks",
				);
				PRODUCT_BUNDLE_IDENTIFIER = Kyla.TipCalculatorTests;
				PRODUCT_NAME = "$(TARGET_NAME)";
				TARGETED_DEVICE_FAMILY = "1,2";
				TEST_HOST = "$(BUILT_PRODUCTS_DIR)/TipCalculator.app/TipCalculator";
			};
			name = Release;
		};
		257F2C7D211DBF1A005B0945 /* Debug */ = {
			isa = XCBuildConfiguration;
			buildSettings = {
				CODE_SIGN_STYLE = Automatic;
				DEVELOPMENT_TEAM = 8457254V38;
				INFOPLIST_FILE = TipCalculatorUITests/Info.plist;
				LD_RUNPATH_SEARCH_PATHS = (
					"$(inherited)",
					"@executable_path/Frameworks",
					"@loader_path/Frameworks",
				);
				PRODUCT_BUNDLE_IDENTIFIER = Kyla.TipCalculatorUITests;
				PRODUCT_NAME = "$(TARGET_NAME)";
				TARGETED_DEVICE_FAMILY = "1,2";
				TEST_TARGET_NAME = TipCalculator;
			};
			name = Debug;
		};
		257F2C7E211DBF1A005B0945 /* Release */ = {
			isa = XCBuildConfiguration;
			buildSettings = {
				CODE_SIGN_STYLE = Automatic;
				DEVELOPMENT_TEAM = 8457254V38;
				INFOPLIST_FILE = TipCalculatorUITests/Info.plist;
				LD_RUNPATH_SEARCH_PATHS = (
					"$(inherited)",
					"@executable_path/Frameworks",
					"@loader_path/Frameworks",
				);
				PRODUCT_BUNDLE_IDENTIFIER = Kyla.TipCalculatorUITests;
				PRODUCT_NAME = "$(TARGET_NAME)";
				TARGETED_DEVICE_FAMILY = "1,2";
				TEST_TARGET_NAME = TipCalculator;
			};
			name = Release;
		};
/* End XCBuildConfiguration section */

/* Begin XCConfigurationList section */
		257F2C45211DBF19005B0945 /* Build configuration list for PBXProject "TipCalculator" */ = {
			isa = XCConfigurationList;
			buildConfigurations = (
				257F2C74211DBF1A005B0945 /* Debug */,
				257F2C75211DBF1A005B0945 /* Release */,
			);
			defaultConfigurationIsVisible = 0;
			defaultConfigurationName = Release;
		};
		257F2C76211DBF1A005B0945 /* Build configuration list for PBXNativeTarget "TipCalculator" */ = {
			isa = XCConfigurationList;
			buildConfigurations = (
				257F2C77211DBF1A005B0945 /* Debug */,
				257F2C78211DBF1A005B0945 /* Release */,
			);
			defaultConfigurationIsVisible = 0;
			defaultConfigurationName = Release;
		};
		257F2C79211DBF1A005B0945 /* Build configuration list for PBXNativeTarget "TipCalculatorTests" */ = {
			isa = XCConfigurationList;
			buildConfigurations = (
				257F2C7A211DBF1A005B0945 /* Debug */,
				257F2C7B211DBF1A005B0945 /* Release */,
			);
			defaultConfigurationIsVisible = 0;
			defaultConfigurationName = Release;
		};
		257F2C7C211DBF1A005B0945 /* Build configuration list for PBXNativeTarget "TipCalculatorUITests" */ = {
			isa = XCConfigurationList;
			buildConfigurations = (
				257F2C7D211DBF1A005B0945 /* Debug */,
				257F2C7E211DBF1A005B0945 /* Release */,
			);
			defaultConfigurationIsVisible = 0;
			defaultConfigurationName = Release;
		};
/* End XCConfigurationList section */
	};
	rootObject = 257F2C42211DBF19005B0945 /* Project object */;
}
